// !$*UTF8*$!
{
	archiveVersion = 1;
	classes = {
	};
	objectVersion = 50;
	objects = {

/* Begin PBXBuildFile section */
		6B7AA54F145465B51918C910 /* Pods_iOSCodeSnippets.framework in Frameworks */ = {isa = PBXBuildFile; fileRef = 3C59F5A69D9C0115F984845F /* Pods_iOSCodeSnippets.framework */; };
		FD1A750A25612C400065D0C6 /* PubNubManager.swift in Sources */ = {isa = PBXBuildFile; fileRef = FD1A750825612C400065D0C6 /* PubNubManager.swift */; };
		FD1A750B25612C400065D0C6 /* PubNubMessageChannel.swift in Sources */ = {isa = PBXBuildFile; fileRef = FD1A750925612C400065D0C6 /* PubNubMessageChannel.swift */; };
		FD1A751A25612E690065D0C6 /* Notifications.swift in Sources */ = {isa = PBXBuildFile; fileRef = FD1A751925612E690065D0C6 /* Notifications.swift */; };
		FD1A752E256134140065D0C6 /* BaseCollectionViewCell.swift in Sources */ = {isa = PBXBuildFile; fileRef = FD1A752D256134140065D0C6 /* BaseCollectionViewCell.swift */; };
		FD1A75322561342E0065D0C6 /* BaseNavigationController.swift in Sources */ = {isa = PBXBuildFile; fileRef = FD1A75312561342E0065D0C6 /* BaseNavigationController.swift */; };
		FD1A75372561367F0065D0C6 /* BidirectionLoadingCollectionView.swift in Sources */ = {isa = PBXBuildFile; fileRef = FD1A75352561367F0065D0C6 /* BidirectionLoadingCollectionView.swift */; };
		FD1A75382561367F0065D0C6 /* BidirectionLoadingTableView.swift in Sources */ = {isa = PBXBuildFile; fileRef = FD1A75362561367F0065D0C6 /* BidirectionLoadingTableView.swift */; };
		FD1A7542256136E50065D0C6 /* ColorableNavigationController.swift in Sources */ = {isa = PBXBuildFile; fileRef = FD1A7541256136E50065D0C6 /* ColorableNavigationController.swift */; };
		FD1A7546256138520065D0C6 /* InteractivePopGestureNavigationController.swift in Sources */ = {isa = PBXBuildFile; fileRef = FD1A7545256138520065D0C6 /* InteractivePopGestureNavigationController.swift */; };
		FD1A754A256138750065D0C6 /* PaddingLabel.swift in Sources */ = {isa = PBXBuildFile; fileRef = FD1A7549256138750065D0C6 /* PaddingLabel.swift */; };
		FD1A754E256138850065D0C6 /* WebViewController.swift in Sources */ = {isa = PBXBuildFile; fileRef = FD1A754D256138850065D0C6 /* WebViewController.swift */; };
		FD1A756C256140190065D0C6 /* PageMenuViewController.swift in Sources */ = {isa = PBXBuildFile; fileRef = FD1A7569256140190065D0C6 /* PageMenuViewController.swift */; };
		FD1A756D256140190065D0C6 /* PageContentCollectionViewCell.swift in Sources */ = {isa = PBXBuildFile; fileRef = FD1A756A256140190065D0C6 /* PageContentCollectionViewCell.swift */; };
		FD1A756E256140190065D0C6 /* PageMenuView.swift in Sources */ = {isa = PBXBuildFile; fileRef = FD1A756B256140190065D0C6 /* PageMenuView.swift */; };
		FD1A75E225614B7D0065D0C6 /* ValueCellDataSource.swift in Sources */ = {isa = PBXBuildFile; fileRef = FD1A75DF25614B7D0065D0C6 /* ValueCellDataSource.swift */; };
		FD1A75E325614B7D0065D0C6 /* ListDataSource.swift in Sources */ = {isa = PBXBuildFile; fileRef = FD1A75E025614B7D0065D0C6 /* ListDataSource.swift */; };
		FD1A75E425614B7D0065D0C6 /* ValueCell.swift in Sources */ = {isa = PBXBuildFile; fileRef = FD1A75E125614B7D0065D0C6 /* ValueCell.swift */; };
		FD1A75F425617B780065D0C6 /* ListViewModel.swift in Sources */ = {isa = PBXBuildFile; fileRef = FD1A75F325617B780065D0C6 /* ListViewModel.swift */; };
		FD1A75F825617C740065D0C6 /* DotRectPageControl.swift in Sources */ = {isa = PBXBuildFile; fileRef = FD1A75F725617C740065D0C6 /* DotRectPageControl.swift */; };
		FD1AA0D72517A41700B82042 /* AppleSignInManager.swift in Sources */ = {isa = PBXBuildFile; fileRef = FD1AA0D62517A41700B82042 /* AppleSignInManager.swift */; };
		FD7D75E8254BEFE9001B818B /* StringExtensions.swift in Sources */ = {isa = PBXBuildFile; fileRef = FD7D75E7254BEFE9001B818B /* StringExtensions.swift */; };
		FD7D75EC254BEFFC001B818B /* StringExtensionsTests.swift in Sources */ = {isa = PBXBuildFile; fileRef = FD7D75EB254BEFFC001B818B /* StringExtensionsTests.swift */; };
		FD7D75F0254BF1E1001B818B /* UIAlertControllerExtensions.swift in Sources */ = {isa = PBXBuildFile; fileRef = FD7D75EF254BF1E1001B818B /* UIAlertControllerExtensions.swift */; };
		FD7D75F4254BF297001B818B /* UICollectionViewCellExtensions.swift in Sources */ = {isa = PBXBuildFile; fileRef = FD7D75F3254BF297001B818B /* UICollectionViewCellExtensions.swift */; };
		FD7D75F8254BF2AC001B818B /* UIColorExtensions.swift in Sources */ = {isa = PBXBuildFile; fileRef = FD7D75F7254BF2AC001B818B /* UIColorExtensions.swift */; };
		FD7D75FC254BF40B001B818B /* UIDeviceExtensions.swift in Sources */ = {isa = PBXBuildFile; fileRef = FD7D75FB254BF40B001B818B /* UIDeviceExtensions.swift */; };
		FD7D7600254BF67A001B818B /* UIScreenExtensions.swift in Sources */ = {isa = PBXBuildFile; fileRef = FD7D75FF254BF67A001B818B /* UIScreenExtensions.swift */; };
		FD7D7604254BF6BD001B818B /* UIFontExtensions.swift in Sources */ = {isa = PBXBuildFile; fileRef = FD7D7603254BF6BD001B818B /* UIFontExtensions.swift */; };
		FD7D7608254C05D0001B818B /* UIImageExtensions.swift in Sources */ = {isa = PBXBuildFile; fileRef = FD7D7607254C05D0001B818B /* UIImageExtensions.swift */; };
		FD7D760C254C062A001B818B /* UIImageViewExtensions.swift in Sources */ = {isa = PBXBuildFile; fileRef = FD7D760B254C062A001B818B /* UIImageViewExtensions.swift */; };
		FD7D761E254C079E001B818B /* UITableViewExtensions.swift in Sources */ = {isa = PBXBuildFile; fileRef = FD7D761D254C079E001B818B /* UITableViewExtensions.swift */; };
		FD7D7622254C0821001B818B /* UITraitCollectionExtensions.swift in Sources */ = {isa = PBXBuildFile; fileRef = FD7D7621254C0821001B818B /* UITraitCollectionExtensions.swift */; };
		FD7D7626254C0870001B818B /* UIViewController+Preparation.swift in Sources */ = {isa = PBXBuildFile; fileRef = FD7D7625254C0870001B818B /* UIViewController+Preparation.swift */; };
		FD7D762A254C08A2001B818B /* UIViewControllerExtensions.swift in Sources */ = {isa = PBXBuildFile; fileRef = FD7D7629254C08A2001B818B /* UIViewControllerExtensions.swift */; };
		FD7D763E254C62A7001B818B /* UIViewExtensions.swift in Sources */ = {isa = PBXBuildFile; fileRef = FD7D763D254C62A7001B818B /* UIViewExtensions.swift */; };
		FD9AD673254B14F10093DD8F /* NSErrorExtensionsTests.swift in Sources */ = {isa = PBXBuildFile; fileRef = FD9AD672254B14F10093DD8F /* NSErrorExtensionsTests.swift */; };
		FD9AD677254B156A0093DD8F /* ErrorExtensions.swift in Sources */ = {isa = PBXBuildFile; fileRef = FD9AD676254B156A0093DD8F /* ErrorExtensions.swift */; };
		FD9AD67B254B18B50093DD8F /* OptionalExtensions.swift in Sources */ = {isa = PBXBuildFile; fileRef = FD9AD67A254B18B50093DD8F /* OptionalExtensions.swift */; };
		FD9AD681254B19870093DD8F /* OptionalExtensionsTests.swift in Sources */ = {isa = PBXBuildFile; fileRef = FD9AD680254B19870093DD8F /* OptionalExtensionsTests.swift */; };
		FD9C15EF25238658009D305D /* DictionaryExtensions.swift in Sources */ = {isa = PBXBuildFile; fileRef = FD9C15EE25238658009D305D /* DictionaryExtensions.swift */; };
		FD9C15F32523866B009D305D /* DictionaryExtensionsTests.swift in Sources */ = {isa = PBXBuildFile; fileRef = FD9C15F22523866B009D305D /* DictionaryExtensionsTests.swift */; };
		FDA97918251C298900A4478A /* AppleSignInManagerTests.swift in Sources */ = {isa = PBXBuildFile; fileRef = FDA97917251C298900A4478A /* AppleSignInManagerTests.swift */; };
		FDA9791D251C332400A4478A /* AuthorizationAppleIDProvider.swift in Sources */ = {isa = PBXBuildFile; fileRef = FDA9791C251C332400A4478A /* AuthorizationAppleIDProvider.swift */; };
		FDA97923251C354900A4478A /* MockAuthorizationAppleIDProvider.swift in Sources */ = {isa = PBXBuildFile; fileRef = FDA97922251C354900A4478A /* MockAuthorizationAppleIDProvider.swift */; };
		FDC38CE125620614007ED6F7 /* ContactExtensions.swift in Sources */ = {isa = PBXBuildFile; fileRef = FDC38CE025620614007ED6F7 /* ContactExtensions.swift */; };
		FDC38CE52562064C007ED6F7 /* DoubleExtensions.swift in Sources */ = {isa = PBXBuildFile; fileRef = FDC38CE42562064C007ED6F7 /* DoubleExtensions.swift */; };
		FDC38CE9256206B7007ED6F7 /* EncodableExtensions.swift in Sources */ = {isa = PBXBuildFile; fileRef = FDC38CE8256206B7007ED6F7 /* EncodableExtensions.swift */; };
		FDC38CF1256207D2007ED6F7 /* CalendarMonthHeaderView.swift in Sources */ = {isa = PBXBuildFile; fileRef = FDC38CED256207D1007ED6F7 /* CalendarMonthHeaderView.swift */; };
		FDC38CF2256207D2007ED6F7 /* CalendarConstants.swift in Sources */ = {isa = PBXBuildFile; fileRef = FDC38CEE256207D1007ED6F7 /* CalendarConstants.swift */; };
		FDC38CF3256207D2007ED6F7 /* CalendarViewController.swift in Sources */ = {isa = PBXBuildFile; fileRef = FDC38CEF256207D1007ED6F7 /* CalendarViewController.swift */; };
		FDC38CF4256207D2007ED6F7 /* CalendarDateCollectionViewCell.swift in Sources */ = {isa = PBXBuildFile; fileRef = FDC38CF0256207D2007ED6F7 /* CalendarDateCollectionViewCell.swift */; };
		FDE520C125245BCB007DB247 /* IntExtensions.swift in Sources */ = {isa = PBXBuildFile; fileRef = FDE520C025245BCB007DB247 /* IntExtensions.swift */; };
		FDE520C525245BE3007DB247 /* IntExtensionsTests.swift in Sources */ = {isa = PBXBuildFile; fileRef = FDE520C425245BE3007DB247 /* IntExtensionsTests.swift */; };
		FDEE18BB251112BA0096E380 /* iOSCodeSnippets.framework in Frameworks */ = {isa = PBXBuildFile; fileRef = FDEE18B1251112BA0096E380 /* iOSCodeSnippets.framework */; };
		FDEE18C2251112BA0096E380 /* iOSCodeSnippets.h in Headers */ = {isa = PBXBuildFile; fileRef = FDEE18B4251112BA0096E380 /* iOSCodeSnippets.h */; settings = {ATTRIBUTES = (Public, ); }; };
		FDEE18CF251114630096E380 /* App.swift in Sources */ = {isa = PBXBuildFile; fileRef = FDEE18CE251114630096E380 /* App.swift */; };
/* End PBXBuildFile section */

/* Begin PBXContainerItemProxy section */
		FDEE18BC251112BA0096E380 /* PBXContainerItemProxy */ = {
			isa = PBXContainerItemProxy;
			containerPortal = FDEE18A8251112BA0096E380 /* Project object */;
			proxyType = 1;
			remoteGlobalIDString = FDEE18B0251112BA0096E380;
			remoteInfo = iOSCodeSnippets;
		};
/* End PBXContainerItemProxy section */

/* Begin PBXFileReference section */
		0E47657113268E5F855BD7E3 /* Pods-iOSCodeSnippets.debug.xcconfig */ = {isa = PBXFileReference; includeInIndex = 1; lastKnownFileType = text.xcconfig; name = "Pods-iOSCodeSnippets.debug.xcconfig"; path = "Target Support Files/Pods-iOSCodeSnippets/Pods-iOSCodeSnippets.debug.xcconfig"; sourceTree = "<group>"; };
		20D10BAEB91F9760FEA0F528 /* Pods-iOSCodeSnippets.release.xcconfig */ = {isa = PBXFileReference; includeInIndex = 1; lastKnownFileType = text.xcconfig; name = "Pods-iOSCodeSnippets.release.xcconfig"; path = "Target Support Files/Pods-iOSCodeSnippets/Pods-iOSCodeSnippets.release.xcconfig"; sourceTree = "<group>"; };
		3C59F5A69D9C0115F984845F /* Pods_iOSCodeSnippets.framework */ = {isa = PBXFileReference; explicitFileType = wrapper.framework; includeInIndex = 0; path = Pods_iOSCodeSnippets.framework; sourceTree = BUILT_PRODUCTS_DIR; };
		FD1A750825612C400065D0C6 /* PubNubManager.swift */ = {isa = PBXFileReference; fileEncoding = 4; lastKnownFileType = sourcecode.swift; path = PubNubManager.swift; sourceTree = "<group>"; };
		FD1A750925612C400065D0C6 /* PubNubMessageChannel.swift */ = {isa = PBXFileReference; fileEncoding = 4; lastKnownFileType = sourcecode.swift; path = PubNubMessageChannel.swift; sourceTree = "<group>"; };
		FD1A751925612E690065D0C6 /* Notifications.swift */ = {isa = PBXFileReference; fileEncoding = 4; lastKnownFileType = sourcecode.swift; path = Notifications.swift; sourceTree = "<group>"; };
		FD1A752D256134140065D0C6 /* BaseCollectionViewCell.swift */ = {isa = PBXFileReference; fileEncoding = 4; lastKnownFileType = sourcecode.swift; path = BaseCollectionViewCell.swift; sourceTree = "<group>"; };
		FD1A75312561342E0065D0C6 /* BaseNavigationController.swift */ = {isa = PBXFileReference; fileEncoding = 4; lastKnownFileType = sourcecode.swift; path = BaseNavigationController.swift; sourceTree = "<group>"; };
		FD1A75352561367F0065D0C6 /* BidirectionLoadingCollectionView.swift */ = {isa = PBXFileReference; fileEncoding = 4; lastKnownFileType = sourcecode.swift; path = BidirectionLoadingCollectionView.swift; sourceTree = "<group>"; };
		FD1A75362561367F0065D0C6 /* BidirectionLoadingTableView.swift */ = {isa = PBXFileReference; fileEncoding = 4; lastKnownFileType = sourcecode.swift; path = BidirectionLoadingTableView.swift; sourceTree = "<group>"; };
		FD1A7541256136E50065D0C6 /* ColorableNavigationController.swift */ = {isa = PBXFileReference; fileEncoding = 4; lastKnownFileType = sourcecode.swift; path = ColorableNavigationController.swift; sourceTree = "<group>"; };
		FD1A7545256138520065D0C6 /* InteractivePopGestureNavigationController.swift */ = {isa = PBXFileReference; fileEncoding = 4; lastKnownFileType = sourcecode.swift; path = InteractivePopGestureNavigationController.swift; sourceTree = "<group>"; };
		FD1A7549256138750065D0C6 /* PaddingLabel.swift */ = {isa = PBXFileReference; fileEncoding = 4; lastKnownFileType = sourcecode.swift; path = PaddingLabel.swift; sourceTree = "<group>"; };
		FD1A754D256138850065D0C6 /* WebViewController.swift */ = {isa = PBXFileReference; fileEncoding = 4; lastKnownFileType = sourcecode.swift; path = WebViewController.swift; sourceTree = "<group>"; };
		FD1A7569256140190065D0C6 /* PageMenuViewController.swift */ = {isa = PBXFileReference; fileEncoding = 4; lastKnownFileType = sourcecode.swift; path = PageMenuViewController.swift; sourceTree = "<group>"; };
		FD1A756A256140190065D0C6 /* PageContentCollectionViewCell.swift */ = {isa = PBXFileReference; fileEncoding = 4; lastKnownFileType = sourcecode.swift; path = PageContentCollectionViewCell.swift; sourceTree = "<group>"; };
		FD1A756B256140190065D0C6 /* PageMenuView.swift */ = {isa = PBXFileReference; fileEncoding = 4; lastKnownFileType = sourcecode.swift; path = PageMenuView.swift; sourceTree = "<group>"; };
		FD1A75DF25614B7D0065D0C6 /* ValueCellDataSource.swift */ = {isa = PBXFileReference; fileEncoding = 4; lastKnownFileType = sourcecode.swift; path = ValueCellDataSource.swift; sourceTree = "<group>"; };
		FD1A75E025614B7D0065D0C6 /* ListDataSource.swift */ = {isa = PBXFileReference; fileEncoding = 4; lastKnownFileType = sourcecode.swift; path = ListDataSource.swift; sourceTree = "<group>"; };
		FD1A75E125614B7D0065D0C6 /* ValueCell.swift */ = {isa = PBXFileReference; fileEncoding = 4; lastKnownFileType = sourcecode.swift; path = ValueCell.swift; sourceTree = "<group>"; };
		FD1A75F325617B780065D0C6 /* ListViewModel.swift */ = {isa = PBXFileReference; fileEncoding = 4; lastKnownFileType = sourcecode.swift; path = ListViewModel.swift; sourceTree = "<group>"; };
		FD1A75F725617C740065D0C6 /* DotRectPageControl.swift */ = {isa = PBXFileReference; fileEncoding = 4; lastKnownFileType = sourcecode.swift; path = DotRectPageControl.swift; sourceTree = "<group>"; };
		FD1AA0D62517A41700B82042 /* AppleSignInManager.swift */ = {isa = PBXFileReference; fileEncoding = 4; lastKnownFileType = sourcecode.swift; path = AppleSignInManager.swift; sourceTree = "<group>"; };
		FD7D75E7254BEFE9001B818B /* StringExtensions.swift */ = {isa = PBXFileReference; fileEncoding = 4; lastKnownFileType = sourcecode.swift; path = StringExtensions.swift; sourceTree = "<group>"; };
		FD7D75EB254BEFFC001B818B /* StringExtensionsTests.swift */ = {isa = PBXFileReference; lastKnownFileType = sourcecode.swift; path = StringExtensionsTests.swift; sourceTree = "<group>"; };
		FD7D75EF254BF1E1001B818B /* UIAlertControllerExtensions.swift */ = {isa = PBXFileReference; fileEncoding = 4; lastKnownFileType = sourcecode.swift; path = UIAlertControllerExtensions.swift; sourceTree = "<group>"; };
		FD7D75F3254BF297001B818B /* UICollectionViewCellExtensions.swift */ = {isa = PBXFileReference; fileEncoding = 4; lastKnownFileType = sourcecode.swift; path = UICollectionViewCellExtensions.swift; sourceTree = "<group>"; };
		FD7D75F7254BF2AC001B818B /* UIColorExtensions.swift */ = {isa = PBXFileReference; fileEncoding = 4; lastKnownFileType = sourcecode.swift; path = UIColorExtensions.swift; sourceTree = "<group>"; };
		FD7D75FB254BF40B001B818B /* UIDeviceExtensions.swift */ = {isa = PBXFileReference; fileEncoding = 4; lastKnownFileType = sourcecode.swift; path = UIDeviceExtensions.swift; sourceTree = "<group>"; };
		FD7D75FF254BF67A001B818B /* UIScreenExtensions.swift */ = {isa = PBXFileReference; fileEncoding = 4; lastKnownFileType = sourcecode.swift; path = UIScreenExtensions.swift; sourceTree = "<group>"; };
		FD7D7603254BF6BD001B818B /* UIFontExtensions.swift */ = {isa = PBXFileReference; fileEncoding = 4; lastKnownFileType = sourcecode.swift; path = UIFontExtensions.swift; sourceTree = "<group>"; };
		FD7D7607254C05D0001B818B /* UIImageExtensions.swift */ = {isa = PBXFileReference; fileEncoding = 4; lastKnownFileType = sourcecode.swift; path = UIImageExtensions.swift; sourceTree = "<group>"; };
		FD7D760B254C062A001B818B /* UIImageViewExtensions.swift */ = {isa = PBXFileReference; fileEncoding = 4; lastKnownFileType = sourcecode.swift; path = UIImageViewExtensions.swift; sourceTree = "<group>"; };
		FD7D761D254C079E001B818B /* UITableViewExtensions.swift */ = {isa = PBXFileReference; fileEncoding = 4; lastKnownFileType = sourcecode.swift; path = UITableViewExtensions.swift; sourceTree = "<group>"; };
		FD7D7621254C0821001B818B /* UITraitCollectionExtensions.swift */ = {isa = PBXFileReference; fileEncoding = 4; lastKnownFileType = sourcecode.swift; path = UITraitCollectionExtensions.swift; sourceTree = "<group>"; };
		FD7D7625254C0870001B818B /* UIViewController+Preparation.swift */ = {isa = PBXFileReference; fileEncoding = 4; lastKnownFileType = sourcecode.swift; path = "UIViewController+Preparation.swift"; sourceTree = "<group>"; };
		FD7D7629254C08A2001B818B /* UIViewControllerExtensions.swift */ = {isa = PBXFileReference; fileEncoding = 4; lastKnownFileType = sourcecode.swift; path = UIViewControllerExtensions.swift; sourceTree = "<group>"; };
		FD7D763D254C62A7001B818B /* UIViewExtensions.swift */ = {isa = PBXFileReference; fileEncoding = 4; lastKnownFileType = sourcecode.swift; path = UIViewExtensions.swift; sourceTree = "<group>"; };
		FD9AD672254B14F10093DD8F /* NSErrorExtensionsTests.swift */ = {isa = PBXFileReference; lastKnownFileType = sourcecode.swift; path = NSErrorExtensionsTests.swift; sourceTree = "<group>"; };
		FD9AD676254B156A0093DD8F /* ErrorExtensions.swift */ = {isa = PBXFileReference; fileEncoding = 4; lastKnownFileType = sourcecode.swift; path = ErrorExtensions.swift; sourceTree = "<group>"; };
		FD9AD67A254B18B50093DD8F /* OptionalExtensions.swift */ = {isa = PBXFileReference; fileEncoding = 4; lastKnownFileType = sourcecode.swift; path = OptionalExtensions.swift; sourceTree = "<group>"; };
		FD9AD680254B19870093DD8F /* OptionalExtensionsTests.swift */ = {isa = PBXFileReference; lastKnownFileType = sourcecode.swift; path = OptionalExtensionsTests.swift; sourceTree = "<group>"; };
		FD9C15EE25238658009D305D /* DictionaryExtensions.swift */ = {isa = PBXFileReference; lastKnownFileType = sourcecode.swift; path = DictionaryExtensions.swift; sourceTree = "<group>"; };
		FD9C15F22523866B009D305D /* DictionaryExtensionsTests.swift */ = {isa = PBXFileReference; lastKnownFileType = sourcecode.swift; path = DictionaryExtensionsTests.swift; sourceTree = "<group>"; };
		FDA97917251C298900A4478A /* AppleSignInManagerTests.swift */ = {isa = PBXFileReference; lastKnownFileType = sourcecode.swift; path = AppleSignInManagerTests.swift; sourceTree = "<group>"; };
		FDA9791C251C332400A4478A /* AuthorizationAppleIDProvider.swift */ = {isa = PBXFileReference; lastKnownFileType = sourcecode.swift; path = AuthorizationAppleIDProvider.swift; sourceTree = "<group>"; };
		FDA97922251C354900A4478A /* MockAuthorizationAppleIDProvider.swift */ = {isa = PBXFileReference; lastKnownFileType = sourcecode.swift; path = MockAuthorizationAppleIDProvider.swift; sourceTree = "<group>"; };
		FDC38CE025620614007ED6F7 /* ContactExtensions.swift */ = {isa = PBXFileReference; fileEncoding = 4; lastKnownFileType = sourcecode.swift; path = ContactExtensions.swift; sourceTree = "<group>"; };
		FDC38CE42562064C007ED6F7 /* DoubleExtensions.swift */ = {isa = PBXFileReference; fileEncoding = 4; lastKnownFileType = sourcecode.swift; path = DoubleExtensions.swift; sourceTree = "<group>"; };
		FDC38CE8256206B7007ED6F7 /* EncodableExtensions.swift */ = {isa = PBXFileReference; fileEncoding = 4; lastKnownFileType = sourcecode.swift; path = EncodableExtensions.swift; sourceTree = "<group>"; };
		FDC38CED256207D1007ED6F7 /* CalendarMonthHeaderView.swift */ = {isa = PBXFileReference; fileEncoding = 4; lastKnownFileType = sourcecode.swift; path = CalendarMonthHeaderView.swift; sourceTree = "<group>"; };
		FDC38CEE256207D1007ED6F7 /* CalendarConstants.swift */ = {isa = PBXFileReference; fileEncoding = 4; lastKnownFileType = sourcecode.swift; path = CalendarConstants.swift; sourceTree = "<group>"; };
		FDC38CEF256207D1007ED6F7 /* CalendarViewController.swift */ = {isa = PBXFileReference; fileEncoding = 4; lastKnownFileType = sourcecode.swift; path = CalendarViewController.swift; sourceTree = "<group>"; };
		FDC38CF0256207D2007ED6F7 /* CalendarDateCollectionViewCell.swift */ = {isa = PBXFileReference; fileEncoding = 4; lastKnownFileType = sourcecode.swift; path = CalendarDateCollectionViewCell.swift; sourceTree = "<group>"; };
		FDE520C025245BCB007DB247 /* IntExtensions.swift */ = {isa = PBXFileReference; lastKnownFileType = sourcecode.swift; path = IntExtensions.swift; sourceTree = "<group>"; };
		FDE520C425245BE3007DB247 /* IntExtensionsTests.swift */ = {isa = PBXFileReference; lastKnownFileType = sourcecode.swift; path = IntExtensionsTests.swift; sourceTree = "<group>"; };
		FDEE18B1251112BA0096E380 /* iOSCodeSnippets.framework */ = {isa = PBXFileReference; explicitFileType = wrapper.framework; includeInIndex = 0; path = iOSCodeSnippets.framework; sourceTree = BUILT_PRODUCTS_DIR; };
		FDEE18B4251112BA0096E380 /* iOSCodeSnippets.h */ = {isa = PBXFileReference; lastKnownFileType = sourcecode.c.h; path = iOSCodeSnippets.h; sourceTree = "<group>"; };
		FDEE18B5251112BA0096E380 /* Info.plist */ = {isa = PBXFileReference; lastKnownFileType = text.plist.xml; path = Info.plist; sourceTree = "<group>"; };
		FDEE18BA251112BA0096E380 /* iOSCodeSnippetsTests.xctest */ = {isa = PBXFileReference; explicitFileType = wrapper.cfbundle; includeInIndex = 0; path = iOSCodeSnippetsTests.xctest; sourceTree = BUILT_PRODUCTS_DIR; };
		FDEE18C1251112BA0096E380 /* Info.plist */ = {isa = PBXFileReference; lastKnownFileType = text.plist.xml; path = Info.plist; sourceTree = "<group>"; };
		FDEE18CE251114630096E380 /* App.swift */ = {isa = PBXFileReference; lastKnownFileType = sourcecode.swift; path = App.swift; sourceTree = "<group>"; };
/* End PBXFileReference section */

/* Begin PBXFrameworksBuildPhase section */
		FDEE18AE251112BA0096E380 /* Frameworks */ = {
			isa = PBXFrameworksBuildPhase;
			buildActionMask = 2147483647;
			files = (
				6B7AA54F145465B51918C910 /* Pods_iOSCodeSnippets.framework in Frameworks */,
			);
			runOnlyForDeploymentPostprocessing = 0;
		};
		FDEE18B7251112BA0096E380 /* Frameworks */ = {
			isa = PBXFrameworksBuildPhase;
			buildActionMask = 2147483647;
			files = (
				FDEE18BB251112BA0096E380 /* iOSCodeSnippets.framework in Frameworks */,
			);
			runOnlyForDeploymentPostprocessing = 0;
		};
/* End PBXFrameworksBuildPhase section */

/* Begin PBXGroup section */
		98D2A403AEB1C905F5620D4F /* Pods */ = {
			isa = PBXGroup;
			children = (
				0E47657113268E5F855BD7E3 /* Pods-iOSCodeSnippets.debug.xcconfig */,
				20D10BAEB91F9760FEA0F528 /* Pods-iOSCodeSnippets.release.xcconfig */,
			);
			path = Pods;
			sourceTree = "<group>";
		};
		DEE6C3AF565334C1572AE250 /* Frameworks */ = {
			isa = PBXGroup;
			children = (
				3C59F5A69D9C0115F984845F /* Pods_iOSCodeSnippets.framework */,
			);
			name = Frameworks;
			sourceTree = "<group>";
		};
		FD1A750725612C340065D0C6 /* PubNub */ = {
			isa = PBXGroup;
			children = (
				FD1A750825612C400065D0C6 /* PubNubManager.swift */,
				FD1A750925612C400065D0C6 /* PubNubMessageChannel.swift */,
			);
			path = PubNub;
			sourceTree = "<group>";
		};
		FD1A7568256140110065D0C6 /* PageMenu */ = {
			isa = PBXGroup;
			children = (
				FD1A756A256140190065D0C6 /* PageContentCollectionViewCell.swift */,
				FD1A756B256140190065D0C6 /* PageMenuView.swift */,
				FD1A7569256140190065D0C6 /* PageMenuViewController.swift */,
			);
			path = PageMenu;
			sourceTree = "<group>";
		};
		FD1A75DE25614B720065D0C6 /* DataSource */ = {
			isa = PBXGroup;
			children = (
				FD1A75E025614B7D0065D0C6 /* ListDataSource.swift */,
				FD1A75E125614B7D0065D0C6 /* ValueCell.swift */,
				FD1A75DF25614B7D0065D0C6 /* ValueCellDataSource.swift */,
			);
			path = DataSource;
			sourceTree = "<group>";
		};
		FD1A75F225617B6F0065D0C6 /* ViewModels */ = {
			isa = PBXGroup;
			children = (
				FD1A75F325617B780065D0C6 /* ListViewModel.swift */,
			);
			path = ViewModels;
			sourceTree = "<group>";
		};
		FDA9791B251C32FA00A4478A /* AppleSignIn */ = {
			isa = PBXGroup;
			children = (
				FD1AA0D62517A41700B82042 /* AppleSignInManager.swift */,
				FDA9791C251C332400A4478A /* AuthorizationAppleIDProvider.swift */,
			);
			path = AppleSignIn;
			sourceTree = "<group>";
		};
		FDA97926251C355300A4478A /* AppleSignIn */ = {
			isa = PBXGroup;
			children = (
				FDA97917251C298900A4478A /* AppleSignInManagerTests.swift */,
				FDA97922251C354900A4478A /* MockAuthorizationAppleIDProvider.swift */,
			);
			path = AppleSignIn;
			sourceTree = "<group>";
		};
		FDC38CEC256207C7007ED6F7 /* Calendar */ = {
			isa = PBXGroup;
			children = (
				FDC38CEE256207D1007ED6F7 /* CalendarConstants.swift */,
				FDC38CF0256207D2007ED6F7 /* CalendarDateCollectionViewCell.swift */,
				FDC38CED256207D1007ED6F7 /* CalendarMonthHeaderView.swift */,
				FDC38CEF256207D1007ED6F7 /* CalendarViewController.swift */,
			);
			path = Calendar;
			sourceTree = "<group>";
		};
		FDEE18A7251112BA0096E380 = {
			isa = PBXGroup;
			children = (
				FDEE18B3251112BA0096E380 /* iOSCodeSnippets */,
				FDEE18BE251112BA0096E380 /* iOSCodeSnippetsTests */,
				FDEE18B2251112BA0096E380 /* Products */,
				98D2A403AEB1C905F5620D4F /* Pods */,
				DEE6C3AF565334C1572AE250 /* Frameworks */,
			);
			sourceTree = "<group>";
		};
		FDEE18B2251112BA0096E380 /* Products */ = {
			isa = PBXGroup;
			children = (
				FDEE18B1251112BA0096E380 /* iOSCodeSnippets.framework */,
				FDEE18BA251112BA0096E380 /* iOSCodeSnippetsTests.xctest */,
			);
			name = Products;
			sourceTree = "<group>";
		};
		FDEE18B3251112BA0096E380 /* iOSCodeSnippets */ = {
			isa = PBXGroup;
			children = (
				FDC38CEC256207C7007ED6F7 /* Calendar */,
				FD1A75F225617B6F0065D0C6 /* ViewModels */,
				FD1A75DE25614B720065D0C6 /* DataSource */,
				FD1A7568256140110065D0C6 /* PageMenu */,
				FDA9791B251C32FA00A4478A /* AppleSignIn */,
				FDEE18CD2511143E0096E380 /* CustomViews */,
				FDEE18CB251113870096E380 /* Extensions */,
				FDEE18B5251112BA0096E380 /* Info.plist */,
				FDEE18B4251112BA0096E380 /* iOSCodeSnippets.h */,
				FDEE18CC251114330096E380 /* Library */,
				FD1A750725612C340065D0C6 /* PubNub */,
			);
			path = iOSCodeSnippets;
			sourceTree = "<group>";
		};
		FDEE18BE251112BA0096E380 /* iOSCodeSnippetsTests */ = {
			isa = PBXGroup;
			children = (
				FDA97926251C355300A4478A /* AppleSignIn */,
				FDEE18D4251119AB0096E380 /* CustomViews */,
				FDEE18D3251119A40096E380 /* Extensions */,
				FDEE18C1251112BA0096E380 /* Info.plist */,
			);
			path = iOSCodeSnippetsTests;
			sourceTree = "<group>";
		};
		FDEE18CB251113870096E380 /* Extensions */ = {
			isa = PBXGroup;
			children = (
				FDC38CE025620614007ED6F7 /* ContactExtensions.swift */,
				FD9C15EE25238658009D305D /* DictionaryExtensions.swift */,
				FDC38CE42562064C007ED6F7 /* DoubleExtensions.swift */,
				FDC38CE8256206B7007ED6F7 /* EncodableExtensions.swift */,
				FD9AD676254B156A0093DD8F /* ErrorExtensions.swift */,
				FDE520C025245BCB007DB247 /* IntExtensions.swift */,
				FD9AD67A254B18B50093DD8F /* OptionalExtensions.swift */,
				FD7D75E7254BEFE9001B818B /* StringExtensions.swift */,
				FD7D75EF254BF1E1001B818B /* UIAlertControllerExtensions.swift */,
				FD7D75F3254BF297001B818B /* UICollectionViewCellExtensions.swift */,
				FD7D75F7254BF2AC001B818B /* UIColorExtensions.swift */,
				FD7D75FB254BF40B001B818B /* UIDeviceExtensions.swift */,
				FD7D7603254BF6BD001B818B /* UIFontExtensions.swift */,
				FD7D7607254C05D0001B818B /* UIImageExtensions.swift */,
				FD7D760B254C062A001B818B /* UIImageViewExtensions.swift */,
				FD7D75FF254BF67A001B818B /* UIScreenExtensions.swift */,
				FD7D761D254C079E001B818B /* UITableViewExtensions.swift */,
				FD7D7621254C0821001B818B /* UITraitCollectionExtensions.swift */,
				FD7D7625254C0870001B818B /* UIViewController+Preparation.swift */,
				FD7D7629254C08A2001B818B /* UIViewControllerExtensions.swift */,
				FD7D763D254C62A7001B818B /* UIViewExtensions.swift */,
			);
			path = Extensions;
			sourceTree = "<group>";
		};
		FDEE18CC251114330096E380 /* Library */ = {
			isa = PBXGroup;
			children = (
				FDEE18CE251114630096E380 /* App.swift */,
				FD1A751925612E690065D0C6 /* Notifications.swift */,
			);
			path = Library;
			sourceTree = "<group>";
		};
		FDEE18CD2511143E0096E380 /* CustomViews */ = {
			isa = PBXGroup;
			children = (
				FD1A752D256134140065D0C6 /* BaseCollectionViewCell.swift */,
				FD1A75312561342E0065D0C6 /* BaseNavigationController.swift */,
				FD1A75352561367F0065D0C6 /* BidirectionLoadingCollectionView.swift */,
				FD1A75362561367F0065D0C6 /* BidirectionLoadingTableView.swift */,
				FD1A7541256136E50065D0C6 /* ColorableNavigationController.swift */,
				FD1A75F725617C740065D0C6 /* DotRectPageControl.swift */,
				FD1A7545256138520065D0C6 /* InteractivePopGestureNavigationController.swift */,
				FD1A7549256138750065D0C6 /* PaddingLabel.swift */,
				FD1A754D256138850065D0C6 /* WebViewController.swift */,
			);
			path = CustomViews;
			sourceTree = "<group>";
		};
		FDEE18D3251119A40096E380 /* Extensions */ = {
			isa = PBXGroup;
			children = (
				FD9C15F22523866B009D305D /* DictionaryExtensionsTests.swift */,
				FDE520C425245BE3007DB247 /* IntExtensionsTests.swift */,
				FD9AD672254B14F10093DD8F /* NSErrorExtensionsTests.swift */,
				FD9AD680254B19870093DD8F /* OptionalExtensionsTests.swift */,
				FD7D75EB254BEFFC001B818B /* StringExtensionsTests.swift */,
			);
			path = Extensions;
			sourceTree = "<group>";
		};
		FDEE18D4251119AB0096E380 /* CustomViews */ = {
			isa = PBXGroup;
			children = (
			);
			path = CustomViews;
			sourceTree = "<group>";
		};
/* End PBXGroup section */

/* Begin PBXHeadersBuildPhase section */
		FDEE18AC251112BA0096E380 /* Headers */ = {
			isa = PBXHeadersBuildPhase;
			buildActionMask = 2147483647;
			files = (
				FDEE18C2251112BA0096E380 /* iOSCodeSnippets.h in Headers */,
			);
			runOnlyForDeploymentPostprocessing = 0;
		};
/* End PBXHeadersBuildPhase section */

/* Begin PBXNativeTarget section */
		FDEE18B0251112BA0096E380 /* iOSCodeSnippets */ = {
			isa = PBXNativeTarget;
			buildConfigurationList = FDEE18C5251112BA0096E380 /* Build configuration list for PBXNativeTarget "iOSCodeSnippets" */;
			buildPhases = (
				D0421ED5F72D91B0DC7BC074 /* [CP] Check Pods Manifest.lock */,
				FDEE18AC251112BA0096E380 /* Headers */,
				FDEE18AD251112BA0096E380 /* Sources */,
				FDEE18AE251112BA0096E380 /* Frameworks */,
				FDEE18AF251112BA0096E380 /* Resources */,
			);
			buildRules = (
			);
			dependencies = (
			);
			name = iOSCodeSnippets;
			productName = iOSCodeSnippets;
			productReference = FDEE18B1251112BA0096E380 /* iOSCodeSnippets.framework */;
			productType = "com.apple.product-type.framework";
		};
		FDEE18B9251112BA0096E380 /* iOSCodeSnippetsTests */ = {
			isa = PBXNativeTarget;
			buildConfigurationList = FDEE18C8251112BA0096E380 /* Build configuration list for PBXNativeTarget "iOSCodeSnippetsTests" */;
			buildPhases = (
				FDEE18B6251112BA0096E380 /* Sources */,
				FDEE18B7251112BA0096E380 /* Frameworks */,
				FDEE18B8251112BA0096E380 /* Resources */,
			);
			buildRules = (
			);
			dependencies = (
				FDEE18BD251112BA0096E380 /* PBXTargetDependency */,
			);
			name = iOSCodeSnippetsTests;
			productName = iOSCodeSnippetsTests;
			productReference = FDEE18BA251112BA0096E380 /* iOSCodeSnippetsTests.xctest */;
			productType = "com.apple.product-type.bundle.unit-test";
		};
/* End PBXNativeTarget section */

/* Begin PBXProject section */
		FDEE18A8251112BA0096E380 /* Project object */ = {
			isa = PBXProject;
			attributes = {
				LastSwiftUpdateCheck = 1160;
				LastUpgradeCheck = 1220;
				ORGANIZATIONNAME = Lebron;
				TargetAttributes = {
					FDEE18B0251112BA0096E380 = {
						CreatedOnToolsVersion = 11.6;
						LastSwiftMigration = 1160;
					};
					FDEE18B9251112BA0096E380 = {
						CreatedOnToolsVersion = 11.6;
						LastSwiftMigration = 1200;
					};
				};
			};
			buildConfigurationList = FDEE18AB251112BA0096E380 /* Build configuration list for PBXProject "iOSCodeSnippets" */;
			compatibilityVersion = "Xcode 9.3";
			developmentRegion = en;
			hasScannedForEncodings = 0;
			knownRegions = (
				en,
				Base,
			);
			mainGroup = FDEE18A7251112BA0096E380;
			productRefGroup = FDEE18B2251112BA0096E380 /* Products */;
			projectDirPath = "";
			projectRoot = "";
			targets = (
				FDEE18B0251112BA0096E380 /* iOSCodeSnippets */,
				FDEE18B9251112BA0096E380 /* iOSCodeSnippetsTests */,
			);
		};
/* End PBXProject section */

/* Begin PBXResourcesBuildPhase section */
		FDEE18AF251112BA0096E380 /* Resources */ = {
			isa = PBXResourcesBuildPhase;
			buildActionMask = 2147483647;
			files = (
			);
			runOnlyForDeploymentPostprocessing = 0;
		};
		FDEE18B8251112BA0096E380 /* Resources */ = {
			isa = PBXResourcesBuildPhase;
			buildActionMask = 2147483647;
			files = (
			);
			runOnlyForDeploymentPostprocessing = 0;
		};
/* End PBXResourcesBuildPhase section */

/* Begin PBXShellScriptBuildPhase section */
		D0421ED5F72D91B0DC7BC074 /* [CP] Check Pods Manifest.lock */ = {
			isa = PBXShellScriptBuildPhase;
			buildActionMask = 2147483647;
			files = (
			);
			inputFileListPaths = (
			);
			inputPaths = (
				"${PODS_PODFILE_DIR_PATH}/Podfile.lock",
				"${PODS_ROOT}/Manifest.lock",
			);
			name = "[CP] Check Pods Manifest.lock";
			outputFileListPaths = (
			);
			outputPaths = (
				"$(DERIVED_FILE_DIR)/Pods-iOSCodeSnippets-checkManifestLockResult.txt",
			);
			runOnlyForDeploymentPostprocessing = 0;
			shellPath = /bin/sh;
			shellScript = "diff \"${PODS_PODFILE_DIR_PATH}/Podfile.lock\" \"${PODS_ROOT}/Manifest.lock\" > /dev/null\nif [ $? != 0 ] ; then\n    # print error to STDERR\n    echo \"error: The sandbox is not in sync with the Podfile.lock. Run 'pod install' or update your CocoaPods installation.\" >&2\n    exit 1\nfi\n# This output is used by Xcode 'outputs' to avoid re-running this script phase.\necho \"SUCCESS\" > \"${SCRIPT_OUTPUT_FILE_0}\"\n";
			showEnvVarsInLog = 0;
		};
/* End PBXShellScriptBuildPhase section */

/* Begin PBXSourcesBuildPhase section */
		FDEE18AD251112BA0096E380 /* Sources */ = {
			isa = PBXSourcesBuildPhase;
			buildActionMask = 2147483647;
			files = (
				FD1A7546256138520065D0C6 /* InteractivePopGestureNavigationController.swift in Sources */,
				FD1A75322561342E0065D0C6 /* BaseNavigationController.swift in Sources */,
				FD1A751A25612E690065D0C6 /* Notifications.swift in Sources */,
				FD7D75E8254BEFE9001B818B /* StringExtensions.swift in Sources */,
				FDC38CF3256207D2007ED6F7 /* CalendarViewController.swift in Sources */,
				FDC38CE52562064C007ED6F7 /* DoubleExtensions.swift in Sources */,
				FD7D763E254C62A7001B818B /* UIViewExtensions.swift in Sources */,
				FD7D75FC254BF40B001B818B /* UIDeviceExtensions.swift in Sources */,
				FD7D760C254C062A001B818B /* UIImageViewExtensions.swift in Sources */,
				FD7D7604254BF6BD001B818B /* UIFontExtensions.swift in Sources */,
				FDE520C125245BCB007DB247 /* IntExtensions.swift in Sources */,
				FD1A756C256140190065D0C6 /* PageMenuViewController.swift in Sources */,
				FDC38CE125620614007ED6F7 /* ContactExtensions.swift in Sources */,
				FDEE18CF251114630096E380 /* App.swift in Sources */,
				FD1A75E425614B7D0065D0C6 /* ValueCell.swift in Sources */,
				FD7D761E254C079E001B818B /* UITableViewExtensions.swift in Sources */,
				FD7D7626254C0870001B818B /* UIViewController+Preparation.swift in Sources */,
				FD9AD67B254B18B50093DD8F /* OptionalExtensions.swift in Sources */,
				FD7D7622254C0821001B818B /* UITraitCollectionExtensions.swift in Sources */,
				FD7D75F4254BF297001B818B /* UICollectionViewCellExtensions.swift in Sources */,
				FD1A754E256138850065D0C6 /* WebViewController.swift in Sources */,
				FD7D75F0254BF1E1001B818B /* UIAlertControllerExtensions.swift in Sources */,
				FD1A754A256138750065D0C6 /* PaddingLabel.swift in Sources */,
				FD1A7542256136E50065D0C6 /* ColorableNavigationController.swift in Sources */,
				FD1A750A25612C400065D0C6 /* PubNubManager.swift in Sources */,
				FD1A752E256134140065D0C6 /* BaseCollectionViewCell.swift in Sources */,
				FD7D762A254C08A2001B818B /* UIViewControllerExtensions.swift in Sources */,
				FD1A75F825617C740065D0C6 /* DotRectPageControl.swift in Sources */,
				FD1A756D256140190065D0C6 /* PageContentCollectionViewCell.swift in Sources */,
				FD7D75F8254BF2AC001B818B /* UIColorExtensions.swift in Sources */,
				FD9AD677254B156A0093DD8F /* ErrorExtensions.swift in Sources */,
				FD7D7600254BF67A001B818B /* UIScreenExtensions.swift in Sources */,
				FD1A756E256140190065D0C6 /* PageMenuView.swift in Sources */,
				FDC38CF1256207D2007ED6F7 /* CalendarMonthHeaderView.swift in Sources */,
				FDC38CE9256206B7007ED6F7 /* EncodableExtensions.swift in Sources */,
				FD1A75E225614B7D0065D0C6 /* ValueCellDataSource.swift in Sources */,
				FDA9791D251C332400A4478A /* AuthorizationAppleIDProvider.swift in Sources */,
				FD1A75E325614B7D0065D0C6 /* ListDataSource.swift in Sources */,
				FD7D7608254C05D0001B818B /* UIImageExtensions.swift in Sources */,
				FDC38CF2256207D2007ED6F7 /* CalendarConstants.swift in Sources */,
				FD1A75382561367F0065D0C6 /* BidirectionLoadingTableView.swift in Sources */,
				FDC38CF4256207D2007ED6F7 /* CalendarDateCollectionViewCell.swift in Sources */,
				FD1A75372561367F0065D0C6 /* BidirectionLoadingCollectionView.swift in Sources */,
				FD1A75F425617B780065D0C6 /* ListViewModel.swift in Sources */,
				FD1AA0D72517A41700B82042 /* AppleSignInManager.swift in Sources */,
				FD9C15EF25238658009D305D /* DictionaryExtensions.swift in Sources */,
				FD1A750B25612C400065D0C6 /* PubNubMessageChannel.swift in Sources */,
			);
			runOnlyForDeploymentPostprocessing = 0;
		};
		FDEE18B6251112BA0096E380 /* Sources */ = {
			isa = PBXSourcesBuildPhase;
			buildActionMask = 2147483647;
			files = (
				FDA97923251C354900A4478A /* MockAuthorizationAppleIDProvider.swift in Sources */,
				FD9AD681254B19870093DD8F /* OptionalExtensionsTests.swift in Sources */,
				FDE520C525245BE3007DB247 /* IntExtensionsTests.swift in Sources */,
				FD7D75EC254BEFFC001B818B /* StringExtensionsTests.swift in Sources */,
				FD9AD673254B14F10093DD8F /* NSErrorExtensionsTests.swift in Sources */,
				FDA97918251C298900A4478A /* AppleSignInManagerTests.swift in Sources */,
				FD9C15F32523866B009D305D /* DictionaryExtensionsTests.swift in Sources */,
			);
			runOnlyForDeploymentPostprocessing = 0;
		};
/* End PBXSourcesBuildPhase section */

/* Begin PBXTargetDependency section */
		FDEE18BD251112BA0096E380 /* PBXTargetDependency */ = {
			isa = PBXTargetDependency;
			target = FDEE18B0251112BA0096E380 /* iOSCodeSnippets */;
			targetProxy = FDEE18BC251112BA0096E380 /* PBXContainerItemProxy */;
		};
/* End PBXTargetDependency section */

/* Begin XCBuildConfiguration section */
		FDEE18C3251112BA0096E380 /* Debug */ = {
			isa = XCBuildConfiguration;
			buildSettings = {
				ALWAYS_SEARCH_USER_PATHS = NO;
				CLANG_ANALYZER_NONNULL = YES;
				CLANG_ANALYZER_NUMBER_OBJECT_CONVERSION = YES_AGGRESSIVE;
				CLANG_CXX_LANGUAGE_STANDARD = "gnu++14";
				CLANG_CXX_LIBRARY = "libc++";
				CLANG_ENABLE_MODULES = YES;
				CLANG_ENABLE_OBJC_ARC = YES;
				CLANG_ENABLE_OBJC_WEAK = YES;
				CLANG_WARN_BLOCK_CAPTURE_AUTORELEASING = YES;
				CLANG_WARN_BOOL_CONVERSION = YES;
				CLANG_WARN_COMMA = YES;
				CLANG_WARN_CONSTANT_CONVERSION = YES;
				CLANG_WARN_DEPRECATED_OBJC_IMPLEMENTATIONS = YES;
				CLANG_WARN_DIRECT_OBJC_ISA_USAGE = YES_ERROR;
				CLANG_WARN_DOCUMENTATION_COMMENTS = YES;
				CLANG_WARN_EMPTY_BODY = YES;
				CLANG_WARN_ENUM_CONVERSION = YES;
				CLANG_WARN_INFINITE_RECURSION = YES;
				CLANG_WARN_INT_CONVERSION = YES;
				CLANG_WARN_NON_LITERAL_NULL_CONVERSION = YES;
				CLANG_WARN_OBJC_IMPLICIT_RETAIN_SELF = YES;
				CLANG_WARN_OBJC_LITERAL_CONVERSION = YES;
				CLANG_WARN_OBJC_ROOT_CLASS = YES_ERROR;
				CLANG_WARN_QUOTED_INCLUDE_IN_FRAMEWORK_HEADER = YES;
				CLANG_WARN_RANGE_LOOP_ANALYSIS = YES;
				CLANG_WARN_STRICT_PROTOTYPES = YES;
				CLANG_WARN_SUSPICIOUS_MOVE = YES;
				CLANG_WARN_UNGUARDED_AVAILABILITY = YES_AGGRESSIVE;
				CLANG_WARN_UNREACHABLE_CODE = YES;
				CLANG_WARN__DUPLICATE_METHOD_MATCH = YES;
				COPY_PHASE_STRIP = NO;
				CURRENT_PROJECT_VERSION = 1;
				DEBUG_INFORMATION_FORMAT = dwarf;
				ENABLE_STRICT_OBJC_MSGSEND = YES;
				ENABLE_TESTABILITY = YES;
				GCC_C_LANGUAGE_STANDARD = gnu11;
				GCC_DYNAMIC_NO_PIC = NO;
				GCC_NO_COMMON_BLOCKS = YES;
				GCC_OPTIMIZATION_LEVEL = 0;
				GCC_PREPROCESSOR_DEFINITIONS = (
					"DEBUG=1",
					"$(inherited)",
				);
				GCC_WARN_64_TO_32_BIT_CONVERSION = YES;
				GCC_WARN_ABOUT_RETURN_TYPE = YES_ERROR;
				GCC_WARN_UNDECLARED_SELECTOR = YES;
				GCC_WARN_UNINITIALIZED_AUTOS = YES_AGGRESSIVE;
				GCC_WARN_UNUSED_FUNCTION = YES;
				GCC_WARN_UNUSED_VARIABLE = YES;
				IPHONEOS_DEPLOYMENT_TARGET = 12.0;
				MTL_ENABLE_DEBUG_INFO = INCLUDE_SOURCE;
				MTL_FAST_MATH = YES;
				ONLY_ACTIVE_ARCH = YES;
				SDKROOT = iphoneos;
				SWIFT_ACTIVE_COMPILATION_CONDITIONS = DEBUG;
				SWIFT_OPTIMIZATION_LEVEL = "-Onone";
				VERSIONING_SYSTEM = "apple-generic";
				VERSION_INFO_PREFIX = "";
			};
			name = Debug;
		};
		FDEE18C4251112BA0096E380 /* Release */ = {
			isa = XCBuildConfiguration;
			buildSettings = {
				ALWAYS_SEARCH_USER_PATHS = NO;
				CLANG_ANALYZER_NONNULL = YES;
				CLANG_ANALYZER_NUMBER_OBJECT_CONVERSION = YES_AGGRESSIVE;
				CLANG_CXX_LANGUAGE_STANDARD = "gnu++14";
				CLANG_CXX_LIBRARY = "libc++";
				CLANG_ENABLE_MODULES = YES;
				CLANG_ENABLE_OBJC_ARC = YES;
				CLANG_ENABLE_OBJC_WEAK = YES;
				CLANG_WARN_BLOCK_CAPTURE_AUTORELEASING = YES;
				CLANG_WARN_BOOL_CONVERSION = YES;
				CLANG_WARN_COMMA = YES;
				CLANG_WARN_CONSTANT_CONVERSION = YES;
				CLANG_WARN_DEPRECATED_OBJC_IMPLEMENTATIONS = YES;
				CLANG_WARN_DIRECT_OBJC_ISA_USAGE = YES_ERROR;
				CLANG_WARN_DOCUMENTATION_COMMENTS = YES;
				CLANG_WARN_EMPTY_BODY = YES;
				CLANG_WARN_ENUM_CONVERSION = YES;
				CLANG_WARN_INFINITE_RECURSION = YES;
				CLANG_WARN_INT_CONVERSION = YES;
				CLANG_WARN_NON_LITERAL_NULL_CONVERSION = YES;
				CLANG_WARN_OBJC_IMPLICIT_RETAIN_SELF = YES;
				CLANG_WARN_OBJC_LITERAL_CONVERSION = YES;
				CLANG_WARN_OBJC_ROOT_CLASS = YES_ERROR;
				CLANG_WARN_QUOTED_INCLUDE_IN_FRAMEWORK_HEADER = YES;
				CLANG_WARN_RANGE_LOOP_ANALYSIS = YES;
				CLANG_WARN_STRICT_PROTOTYPES = YES;
				CLANG_WARN_SUSPICIOUS_MOVE = YES;
				CLANG_WARN_UNGUARDED_AVAILABILITY = YES_AGGRESSIVE;
				CLANG_WARN_UNREACHABLE_CODE = YES;
				CLANG_WARN__DUPLICATE_METHOD_MATCH = YES;
				COPY_PHASE_STRIP = NO;
				CURRENT_PROJECT_VERSION = 1;
				DEBUG_INFORMATION_FORMAT = "dwarf-with-dsym";
				ENABLE_NS_ASSERTIONS = NO;
				ENABLE_STRICT_OBJC_MSGSEND = YES;
				GCC_C_LANGUAGE_STANDARD = gnu11;
				GCC_NO_COMMON_BLOCKS = YES;
				GCC_WARN_64_TO_32_BIT_CONVERSION = YES;
				GCC_WARN_ABOUT_RETURN_TYPE = YES_ERROR;
				GCC_WARN_UNDECLARED_SELECTOR = YES;
				GCC_WARN_UNINITIALIZED_AUTOS = YES_AGGRESSIVE;
				GCC_WARN_UNUSED_FUNCTION = YES;
				GCC_WARN_UNUSED_VARIABLE = YES;
				IPHONEOS_DEPLOYMENT_TARGET = 12.0;
				MTL_ENABLE_DEBUG_INFO = NO;
				MTL_FAST_MATH = YES;
				SDKROOT = iphoneos;
				SWIFT_COMPILATION_MODE = wholemodule;
				SWIFT_OPTIMIZATION_LEVEL = "-O";
				VALIDATE_PRODUCT = YES;
				VERSIONING_SYSTEM = "apple-generic";
				VERSION_INFO_PREFIX = "";
			};
			name = Release;
		};
		FDEE18C6251112BA0096E380 /* Debug */ = {
			isa = XCBuildConfiguration;
			baseConfigurationReference = 0E47657113268E5F855BD7E3 /* Pods-iOSCodeSnippets.debug.xcconfig */;
			buildSettings = {
				CLANG_ENABLE_MODULES = YES;
				CODE_SIGN_STYLE = Automatic;
				DEFINES_MODULE = YES;
				DEVELOPMENT_TEAM = PDS2N83HDN;
				DYLIB_COMPATIBILITY_VERSION = 1;
				DYLIB_CURRENT_VERSION = 1;
				DYLIB_INSTALL_NAME_BASE = "@rpath";
				INFOPLIST_FILE = iOSCodeSnippets/Info.plist;
				INSTALL_PATH = "$(LOCAL_LIBRARY_DIR)/Frameworks";
				IPHONEOS_DEPLOYMENT_TARGET = 12.0;
				LD_RUNPATH_SEARCH_PATHS = (
					"$(inherited)",
					"@executable_path/Frameworks",
					"@loader_path/Frameworks",
				);
				PRODUCT_BUNDLE_IDENTIFIER = com.lebron.iOSCodeSnippets;
				PRODUCT_NAME = "$(TARGET_NAME:c99extidentifier)";
				SKIP_INSTALL = YES;
				SUPPORTS_MACCATALYST = NO;
				SWIFT_OPTIMIZATION_LEVEL = "-Onone";
				SWIFT_VERSION = 5.0;
				TARGETED_DEVICE_FAMILY = 1;
			};
			name = Debug;
		};
		FDEE18C7251112BA0096E380 /* Release */ = {
			isa = XCBuildConfiguration;
			baseConfigurationReference = 20D10BAEB91F9760FEA0F528 /* Pods-iOSCodeSnippets.release.xcconfig */;
			buildSettings = {
				CLANG_ENABLE_MODULES = YES;
				CODE_SIGN_STYLE = Automatic;
				DEFINES_MODULE = YES;
				DEVELOPMENT_TEAM = PDS2N83HDN;
				DYLIB_COMPATIBILITY_VERSION = 1;
				DYLIB_CURRENT_VERSION = 1;
				DYLIB_INSTALL_NAME_BASE = "@rpath";
				INFOPLIST_FILE = iOSCodeSnippets/Info.plist;
				INSTALL_PATH = "$(LOCAL_LIBRARY_DIR)/Frameworks";
				IPHONEOS_DEPLOYMENT_TARGET = 12.0;
				LD_RUNPATH_SEARCH_PATHS = (
					"$(inherited)",
					"@executable_path/Frameworks",
					"@loader_path/Frameworks",
				);
				PRODUCT_BUNDLE_IDENTIFIER = com.lebron.iOSCodeSnippets;
				PRODUCT_NAME = "$(TARGET_NAME:c99extidentifier)";
				SKIP_INSTALL = YES;
				SUPPORTS_MACCATALYST = NO;
				SWIFT_VERSION = 5.0;
				TARGETED_DEVICE_FAMILY = 1;
			};
			name = Release;
		};
		FDEE18C9251112BA0096E380 /* Debug */ = {
			isa = XCBuildConfiguration;
			buildSettings = {
				ALWAYS_EMBED_SWIFT_STANDARD_LIBRARIES = YES;
				CLANG_ENABLE_MODULES = YES;
				CODE_SIGN_STYLE = Automatic;
				DEVELOPMENT_TEAM = PDS2N83HDN;
				INFOPLIST_FILE = iOSCodeSnippetsTests/Info.plist;
				LD_RUNPATH_SEARCH_PATHS = (
					"$(inherited)",
					"@executable_path/Frameworks",
					"@loader_path/Frameworks",
				);
				PRODUCT_BUNDLE_IDENTIFIER = com.lebron.iOSCodeSnippetsTests;
				PRODUCT_NAME = "$(TARGET_NAME)";
				SWIFT_OPTIMIZATION_LEVEL = "-Onone";
				SWIFT_VERSION = 5.0;
				TARGETED_DEVICE_FAMILY = "1,2";
			};
			name = Debug;
		};
		FDEE18CA251112BA0096E380 /* Release */ = {
			isa = XCBuildConfiguration;
			buildSettings = {
				ALWAYS_EMBED_SWIFT_STANDARD_LIBRARIES = YES;
				CLANG_ENABLE_MODULES = YES;
				CODE_SIGN_STYLE = Automatic;
				DEVELOPMENT_TEAM = PDS2N83HDN;
				INFOPLIST_FILE = iOSCodeSnippetsTests/Info.plist;
				LD_RUNPATH_SEARCH_PATHS = (
					"$(inherited)",
					"@executable_path/Frameworks",
					"@loader_path/Frameworks",
				);
				PRODUCT_BUNDLE_IDENTIFIER = com.lebron.iOSCodeSnippetsTests;
				PRODUCT_NAME = "$(TARGET_NAME)";
				SWIFT_VERSION = 5.0;
				TARGETED_DEVICE_FAMILY = "1,2";
			};
			name = Release;
		};
/* End XCBuildConfiguration section */

/* Begin XCConfigurationList section */
		FDEE18AB251112BA0096E380 /* Build configuration list for PBXProject "iOSCodeSnippets" */ = {
			isa = XCConfigurationList;
			buildConfigurations = (
				FDEE18C3251112BA0096E380 /* Debug */,
				FDEE18C4251112BA0096E380 /* Release */,
			);
			defaultConfigurationIsVisible = 0;
			defaultConfigurationName = Release;
		};
		FDEE18C5251112BA0096E380 /* Build configuration list for PBXNativeTarget "iOSCodeSnippets" */ = {
			isa = XCConfigurationList;
			buildConfigurations = (
				FDEE18C6251112BA0096E380 /* Debug */,
				FDEE18C7251112BA0096E380 /* Release */,
			);
			defaultConfigurationIsVisible = 0;
			defaultConfigurationName = Release;
		};
		FDEE18C8251112BA0096E380 /* Build configuration list for PBXNativeTarget "iOSCodeSnippetsTests" */ = {
			isa = XCConfigurationList;
			buildConfigurations = (
				FDEE18C9251112BA0096E380 /* Debug */,
				FDEE18CA251112BA0096E380 /* Release */,
			);
			defaultConfigurationIsVisible = 0;
			defaultConfigurationName = Release;
		};
/* End XCConfigurationList section */
	};
	rootObject = FDEE18A8251112BA0096E380 /* Project object */;
}
